
Microsoft Visual Studio Solution File, Format Version 12.00
# Visual Studio Version 16
VisualStudioVersion = 16.0.31321.278
MinimumVisualStudioVersion = 10.0.40219.1
Project("{FAE04EC0-301F-11D3-BF4B-00C04F79EFBC}") = "GameManager", "GameManager.csproj", "{52C6DCBF-BB79-4A5A-A630-84818D6AC9CA}"
EndProject
Global
	GlobalSection(SolutionConfigurationPlatforms) = preSolution
		Debug|Any CPU = Debug|Any CPU
		Release|Any CPU = Release|Any CPU
	EndGlobalSection
	GlobalSection(ProjectConfigurationPlatforms) = postSolution
		{52C6DCBF-BB79-4A5A-A630-84818D6AC9CA}.Debug|Any CPU.ActiveCfg = Debug|Any CPU
		{52C6DCBF-BB79-4A5A-A630-84818D6AC9CA}.Debug|Any CPU.Build.0 = Debug|Any CPU
		{52C6DCBF-BB79-4A5A-A630-84818D6AC9CA}.Release|Any CPU.ActiveCfg = Release|Any CPU
		{52C6DCBF-BB79-4A5A-A630-84818D6AC9CA}.Release|Any CPU.Build.0 = Release|Any CPU
	EndGlobalSection
	GlobalSection(SolutionProperties) = preSolution
		HideSolutionNode = FALSE
	EndGlobalSection
	GlobalSection(ExtensibilityGlobals) = postSolution
		SolutionGuid = {F966AA2E-D1C6-4496-A030-3F72A1F5CA59}
	EndGlobalSection
EndGlobal
